// !$*UTF8*$!
{
	archiveVersion = 1;
	classes = {
	};
	objectVersion = 46;
	objects = {

/* Begin PBXBuildFile section */
		497DC27D1FAE34A800FE51C5 /* DeviceQuery.swift in Sources */ = {isa = PBXBuildFile; fileRef = 497DC27C1FAE34A800FE51C5 /* DeviceQuery.swift */; };
		497DC27F1FAF592600FE51C5 /* IOReturnToString.swift in Sources */ = {isa = PBXBuildFile; fileRef = 497DC27E1FAF592600FE51C5 /* IOReturnToString.swift */; };
		497DC29D1FAF875300FE51C5 /* PacketLogger.swift in Sources */ = {isa = PBXBuildFile; fileRef = 497DC29C1FAF875300FE51C5 /* PacketLogger.swift */; };
		497DC29F1FAFAB6800FE51C5 /* parseATCommand.swift in Sources */ = {isa = PBXBuildFile; fileRef = 497DC29E1FAFAB6800FE51C5 /* parseATCommand.swift */; };
		OBJ_35 /* Package.swift in Sources */ = {isa = PBXBuildFile; fileRef = OBJ_6 /* Package.swift */; };
		OBJ_41 /* Package.swift in Sources */ = {isa = PBXBuildFile; fileRef = OBJ_26 /* Package.swift */; };
		OBJ_47 /* main.swift in Sources */ = {isa = PBXBuildFile; fileRef = OBJ_9 /* main.swift */; };
		OBJ_49 /* Nanomsg.framework in Frameworks */ = {isa = PBXBuildFile; fileRef = "Nanomsg::Nanomsg::Product" /* Nanomsg.framework */; };
		OBJ_56 /* Constants.swift in Sources */ = {isa = PBXBuildFile; fileRef = OBJ_14 /* Constants.swift */; };
		OBJ_57 /* Domain.swift in Sources */ = {isa = PBXBuildFile; fileRef = OBJ_15 /* Domain.swift */; };
		OBJ_58 /* Flags.swift in Sources */ = {isa = PBXBuildFile; fileRef = OBJ_16 /* Flags.swift */; };
		OBJ_59 /* NanomsgError.swift in Sources */ = {isa = PBXBuildFile; fileRef = OBJ_17 /* NanomsgError.swift */; };
		OBJ_60 /* NanomsgSerializable.swift in Sources */ = {isa = PBXBuildFile; fileRef = OBJ_18 /* NanomsgSerializable.swift */; };
		OBJ_61 /* Proto.swift in Sources */ = {isa = PBXBuildFile; fileRef = OBJ_19 /* Proto.swift */; };
		OBJ_62 /* Socket.swift in Sources */ = {isa = PBXBuildFile; fileRef = OBJ_20 /* Socket.swift */; };
		OBJ_63 /* SocketOption.swift in Sources */ = {isa = PBXBuildFile; fileRef = OBJ_21 /* SocketOption.swift */; };
		OBJ_64 /* StringNanomsgSerializable.swift in Sources */ = {isa = PBXBuildFile; fileRef = OBJ_22 /* StringNanomsgSerializable.swift */; };
		OBJ_65 /* Transport.swift in Sources */ = {isa = PBXBuildFile; fileRef = OBJ_23 /* Transport.swift */; };
		OBJ_66 /* WSMsgType.swift in Sources */ = {isa = PBXBuildFile; fileRef = OBJ_24 /* WSMsgType.swift */; };
		OBJ_67 /* util.swift in Sources */ = {isa = PBXBuildFile; fileRef = OBJ_25 /* util.swift */; };
/* End PBXBuildFile section */

/* Begin PBXContainerItemProxy section */
		497DC2791FAE2B2200FE51C5 /* PBXContainerItemProxy */ = {
			isa = PBXContainerItemProxy;
			containerPortal = OBJ_1 /* Project object */;
			proxyType = 1;
			remoteGlobalIDString = "Nanomsg::Nanomsg";
			remoteInfo = Nanomsg;
		};
/* End PBXContainerItemProxy section */

/* Begin PBXFileReference section */
		497DC27C1FAE34A800FE51C5 /* DeviceQuery.swift */ = {isa = PBXFileReference; lastKnownFileType = sourcecode.swift; path = DeviceQuery.swift; sourceTree = "<group>"; };
		497DC27E1FAF592600FE51C5 /* IOReturnToString.swift */ = {isa = PBXFileReference; fileEncoding = 4; lastKnownFileType = sourcecode.swift; path = IOReturnToString.swift; sourceTree = "<group>"; };
		497DC29C1FAF875300FE51C5 /* PacketLogger.swift */ = {isa = PBXFileReference; lastKnownFileType = sourcecode.swift; path = PacketLogger.swift; sourceTree = "<group>"; };
		497DC29E1FAFAB6800FE51C5 /* parseATCommand.swift */ = {isa = PBXFileReference; lastKnownFileType = sourcecode.swift; path = parseATCommand.swift; sourceTree = "<group>"; };
		"BatiDaemon::BatiDaemon::Product" /* BatiDaemon */ = {isa = PBXFileReference; lastKnownFileType = text; path = BatiDaemon; sourceTree = BUILT_PRODUCTS_DIR; };
		"Nanomsg::Nanomsg::Product" /* Nanomsg.framework */ = {isa = PBXFileReference; explicitFileType = wrapper.framework; path = Nanomsg.framework; sourceTree = BUILT_PRODUCTS_DIR; };
		OBJ_14 /* Constants.swift */ = {isa = PBXFileReference; lastKnownFileType = sourcecode.swift; path = Constants.swift; sourceTree = "<group>"; };
		OBJ_15 /* Domain.swift */ = {isa = PBXFileReference; lastKnownFileType = sourcecode.swift; path = Domain.swift; sourceTree = "<group>"; };
		OBJ_16 /* Flags.swift */ = {isa = PBXFileReference; lastKnownFileType = sourcecode.swift; path = Flags.swift; sourceTree = "<group>"; };
		OBJ_17 /* NanomsgError.swift */ = {isa = PBXFileReference; lastKnownFileType = sourcecode.swift; path = NanomsgError.swift; sourceTree = "<group>"; };
		OBJ_18 /* NanomsgSerializable.swift */ = {isa = PBXFileReference; lastKnownFileType = sourcecode.swift; path = NanomsgSerializable.swift; sourceTree = "<group>"; };
		OBJ_19 /* Proto.swift */ = {isa = PBXFileReference; lastKnownFileType = sourcecode.swift; path = Proto.swift; sourceTree = "<group>"; };
		OBJ_20 /* Socket.swift */ = {isa = PBXFileReference; lastKnownFileType = sourcecode.swift; path = Socket.swift; sourceTree = "<group>"; };
		OBJ_21 /* SocketOption.swift */ = {isa = PBXFileReference; lastKnownFileType = sourcecode.swift; path = SocketOption.swift; sourceTree = "<group>"; };
		OBJ_22 /* StringNanomsgSerializable.swift */ = {isa = PBXFileReference; lastKnownFileType = sourcecode.swift; path = StringNanomsgSerializable.swift; sourceTree = "<group>"; };
		OBJ_23 /* Transport.swift */ = {isa = PBXFileReference; lastKnownFileType = sourcecode.swift; path = Transport.swift; sourceTree = "<group>"; };
		OBJ_24 /* WSMsgType.swift */ = {isa = PBXFileReference; lastKnownFileType = sourcecode.swift; path = WSMsgType.swift; sourceTree = "<group>"; };
		OBJ_25 /* util.swift */ = {isa = PBXFileReference; lastKnownFileType = sourcecode.swift; path = util.swift; sourceTree = "<group>"; };
		OBJ_26 /* Package.swift */ = {isa = PBXFileReference; explicitFileType = sourcecode.swift; name = Package.swift; path = "/Users/Jari/Copy/www/BatiDaemon/.build/checkouts/Nanomsg.swift.git--5904968247301926843/Package.swift"; sourceTree = "<group>"; };
		OBJ_6 /* Package.swift */ = {isa = PBXFileReference; explicitFileType = sourcecode.swift; path = Package.swift; sourceTree = "<group>"; };
		OBJ_9 /* main.swift */ = {isa = PBXFileReference; lastKnownFileType = sourcecode.swift; path = main.swift; sourceTree = "<group>"; };
/* End PBXFileReference section */

/* Begin PBXFrameworksBuildPhase section */
		OBJ_48 /* Frameworks */ = {
			isa = PBXFrameworksBuildPhase;
			buildActionMask = 0;
			files = (
				OBJ_49 /* Nanomsg.framework in Frameworks */,
			);
			runOnlyForDeploymentPostprocessing = 0;
		};
		OBJ_68 /* Frameworks */ = {
			isa = PBXFrameworksBuildPhase;
			buildActionMask = 0;
			files = (
			);
			runOnlyForDeploymentPostprocessing = 0;
		};
/* End PBXFrameworksBuildPhase section */

/* Begin PBXGroup section */
		OBJ_10 /* Tests */ = {
			isa = PBXGroup;
			children = (
			);
			name = Tests;
			sourceTree = SOURCE_ROOT;
		};
		OBJ_11 /* Dependencies */ = {
			isa = PBXGroup;
			children = (
				OBJ_12 /* Nanomsg 0.4.0 */,
			);
			name = Dependencies;
			sourceTree = "<group>";
		};
		OBJ_12 /* Nanomsg 0.4.0 */ = {
			isa = PBXGroup;
			children = (
				OBJ_13 /* Nanomsg */,
				OBJ_26 /* Package.swift */,
			);
			name = "Nanomsg 0.4.0";
			sourceTree = SOURCE_ROOT;
		};
		OBJ_13 /* Nanomsg */ = {
			isa = PBXGroup;
			children = (
				OBJ_14 /* Constants.swift */,
				OBJ_15 /* Domain.swift */,
				OBJ_16 /* Flags.swift */,
				OBJ_17 /* NanomsgError.swift */,
				OBJ_18 /* NanomsgSerializable.swift */,
				OBJ_19 /* Proto.swift */,
				OBJ_20 /* Socket.swift */,
				OBJ_21 /* SocketOption.swift */,
				OBJ_22 /* StringNanomsgSerializable.swift */,
				OBJ_23 /* Transport.swift */,
				OBJ_24 /* WSMsgType.swift */,
				OBJ_25 /* util.swift */,
			);
			name = Nanomsg;
			path = ".build/checkouts/Nanomsg.swift.git--5904968247301926843/Sources/Nanomsg";
			sourceTree = SOURCE_ROOT;
		};
		OBJ_27 /* Products */ = {
			isa = PBXGroup;
			children = (
				"BatiDaemon::BatiDaemon::Product" /* BatiDaemon */,
				"Nanomsg::Nanomsg::Product" /* Nanomsg.framework */,
			);
			name = Products;
			sourceTree = BUILT_PRODUCTS_DIR;
		};
		OBJ_5 /*  */ = {
			isa = PBXGroup;
			children = (
				OBJ_6 /* Package.swift */,
				OBJ_7 /* Sources */,
				OBJ_10 /* Tests */,
				OBJ_11 /* Dependencies */,
				OBJ_27 /* Products */,
			);
			name = "";
			sourceTree = "<group>";
		};
		OBJ_7 /* Sources */ = {
			isa = PBXGroup;
			children = (
				OBJ_8 /* BatiDaemon */,
			);
			name = Sources;
			sourceTree = SOURCE_ROOT;
		};
		OBJ_8 /* BatiDaemon */ = {
			isa = PBXGroup;
			children = (
				497DC27E1FAF592600FE51C5 /* IOReturnToString.swift */,
				OBJ_9 /* main.swift */,
				497DC27C1FAE34A800FE51C5 /* DeviceQuery.swift */,
				497DC29C1FAF875300FE51C5 /* PacketLogger.swift */,
				497DC29E1FAFAB6800FE51C5 /* parseATCommand.swift */,
			);
			name = BatiDaemon;
			path = Sources/BatiDaemon;
			sourceTree = SOURCE_ROOT;
		};
/* End PBXGroup section */

/* Begin PBXNativeTarget section */
		"BatiDaemon::BatiDaemon" /* BatiDaemon */ = {
			isa = PBXNativeTarget;
			buildConfigurationList = OBJ_43 /* Build configuration list for PBXNativeTarget "BatiDaemon" */;
			buildPhases = (
				OBJ_46 /* Sources */,
				OBJ_48 /* Frameworks */,
			);
			buildRules = (
			);
			dependencies = (
				OBJ_50 /* PBXTargetDependency */,
			);
			name = BatiDaemon;
			productName = BatiDaemon;
			productReference = "BatiDaemon::BatiDaemon::Product" /* BatiDaemon */;
			productType = "com.apple.product-type.tool";
		};
		"BatiDaemon::SwiftPMPackageDescription" /* BatiDaemonPackageDescription */ = {
			isa = PBXNativeTarget;
			buildConfigurationList = OBJ_31 /* Build configuration list for PBXNativeTarget "BatiDaemonPackageDescription" */;
			buildPhases = (
				OBJ_34 /* Sources */,
			);
			buildRules = (
			);
			dependencies = (
			);
			name = BatiDaemonPackageDescription;
			productName = BatiDaemonPackageDescription;
			productType = "com.apple.product-type.framework";
		};
		"Nanomsg::Nanomsg" /* Nanomsg */ = {
			isa = PBXNativeTarget;
			buildConfigurationList = OBJ_52 /* Build configuration list for PBXNativeTarget "Nanomsg" */;
			buildPhases = (
				OBJ_55 /* Sources */,
				OBJ_68 /* Frameworks */,
			);
			buildRules = (
			);
			dependencies = (
			);
			name = Nanomsg;
			productName = Nanomsg;
			productReference = "Nanomsg::Nanomsg::Product" /* Nanomsg.framework */;
			productType = "com.apple.product-type.framework";
		};
		"Nanomsg::SwiftPMPackageDescription" /* NanomsgPackageDescription */ = {
			isa = PBXNativeTarget;
			buildConfigurationList = OBJ_37 /* Build configuration list for PBXNativeTarget "NanomsgPackageDescription" */;
			buildPhases = (
				OBJ_40 /* Sources */,
			);
			buildRules = (
			);
			dependencies = (
			);
			name = NanomsgPackageDescription;
			productName = NanomsgPackageDescription;
			productType = "com.apple.product-type.framework";
		};
/* End PBXNativeTarget section */

/* Begin PBXProject section */
		OBJ_1 /* Project object */ = {
			isa = PBXProject;
			attributes = {
				LastUpgradeCheck = 9999;
			};
			buildConfigurationList = OBJ_2 /* Build configuration list for PBXProject "BatiDaemon" */;
			compatibilityVersion = "Xcode 3.2";
			developmentRegion = English;
			hasScannedForEncodings = 0;
			knownRegions = (
				en,
			);
			mainGroup = OBJ_5 /*  */;
			productRefGroup = OBJ_27 /* Products */;
			projectDirPath = "";
			projectRoot = "";
			targets = (
				"BatiDaemon::SwiftPMPackageDescription" /* BatiDaemonPackageDescription */,
				"Nanomsg::SwiftPMPackageDescription" /* NanomsgPackageDescription */,
				"BatiDaemon::BatiDaemon" /* BatiDaemon */,
				"Nanomsg::Nanomsg" /* Nanomsg */,
			);
		};
/* End PBXProject section */

/* Begin PBXSourcesBuildPhase section */
		OBJ_34 /* Sources */ = {
			isa = PBXSourcesBuildPhase;
			buildActionMask = 0;
			files = (
				OBJ_35 /* Package.swift in Sources */,
			);
			runOnlyForDeploymentPostprocessing = 0;
		};
		OBJ_40 /* Sources */ = {
			isa = PBXSourcesBuildPhase;
			buildActionMask = 0;
			files = (
				OBJ_41 /* Package.swift in Sources */,
			);
			runOnlyForDeploymentPostprocessing = 0;
		};
		OBJ_46 /* Sources */ = {
			isa = PBXSourcesBuildPhase;
			buildActionMask = 0;
			files = (
				497DC27F1FAF592600FE51C5 /* IOReturnToString.swift in Sources */,
				497DC29F1FAFAB6800FE51C5 /* parseATCommand.swift in Sources */,
				497DC29D1FAF875300FE51C5 /* PacketLogger.swift in Sources */,
				497DC27D1FAE34A800FE51C5 /* DeviceQuery.swift in Sources */,
				OBJ_47 /* main.swift in Sources */,
			);
			runOnlyForDeploymentPostprocessing = 0;
		};
		OBJ_55 /* Sources */ = {
			isa = PBXSourcesBuildPhase;
			buildActionMask = 0;
			files = (
				OBJ_56 /* Constants.swift in Sources */,
				OBJ_57 /* Domain.swift in Sources */,
				OBJ_58 /* Flags.swift in Sources */,
				OBJ_59 /* NanomsgError.swift in Sources */,
				OBJ_60 /* NanomsgSerializable.swift in Sources */,
				OBJ_61 /* Proto.swift in Sources */,
				OBJ_62 /* Socket.swift in Sources */,
				OBJ_63 /* SocketOption.swift in Sources */,
				OBJ_64 /* StringNanomsgSerializable.swift in Sources */,
				OBJ_65 /* Transport.swift in Sources */,
				OBJ_66 /* WSMsgType.swift in Sources */,
				OBJ_67 /* util.swift in Sources */,
			);
			runOnlyForDeploymentPostprocessing = 0;
		};
/* End PBXSourcesBuildPhase section */

/* Begin PBXTargetDependency section */
		OBJ_50 /* PBXTargetDependency */ = {
			isa = PBXTargetDependency;
			target = "Nanomsg::Nanomsg" /* Nanomsg */;
			targetProxy = 497DC2791FAE2B2200FE51C5 /* PBXContainerItemProxy */;
		};
/* End PBXTargetDependency section */

/* Begin XCBuildConfiguration section */
		OBJ_3 /* Debug */ = {
			isa = XCBuildConfiguration;
			buildSettings = {
				CLANG_ENABLE_OBJC_ARC = YES;
				COMBINE_HIDPI_IMAGES = YES;
				COPY_PHASE_STRIP = NO;
				DEBUG_INFORMATION_FORMAT = dwarf;
				DYLIB_INSTALL_NAME_BASE = "@rpath";
				ENABLE_NS_ASSERTIONS = YES;
				GCC_OPTIMIZATION_LEVEL = 0;
				MACOSX_DEPLOYMENT_TARGET = 10.12;
				ONLY_ACTIVE_ARCH = YES;
				OTHER_SWIFT_FLAGS = "-DXcode";
				PRODUCT_NAME = "$(TARGET_NAME)";
				SDKROOT = macosx;
				SUPPORTED_PLATFORMS = "macosx iphoneos iphonesimulator appletvos appletvsimulator watchos watchsimulator";
				SWIFT_ACTIVE_COMPILATION_CONDITIONS = SWIFT_PACKAGE;
				SWIFT_OPTIMIZATION_LEVEL = "-Onone";
				USE_HEADERMAP = NO;
			};
			name = Debug;
		};
		OBJ_32 /* Debug */ = {
			isa = XCBuildConfiguration;
			buildSettings = {
				LD = /usr/bin/true;
				OTHER_SWIFT_FLAGS = "-swift-version 4 -I /Applications/Xcode.app/Contents/Developer/Toolchains/XcodeDefault.xctoolchain/usr/lib/swift/pm/4 -target x86_64-apple-macosx10.10 -sdk /Applications/Xcode.app/Contents/Developer/Platforms/MacOSX.platform/Developer/SDKs/MacOSX10.13.sdk";
				SWIFT_VERSION = 4.0;
			};
			name = Debug;
		};
		OBJ_33 /* Release */ = {
			isa = XCBuildConfiguration;
			buildSettings = {
				LD = /usr/bin/true;
				OTHER_SWIFT_FLAGS = "-swift-version 4 -I /Applications/Xcode.app/Contents/Developer/Toolchains/XcodeDefault.xctoolchain/usr/lib/swift/pm/4 -target x86_64-apple-macosx10.10 -sdk /Applications/Xcode.app/Contents/Developer/Platforms/MacOSX.platform/Developer/SDKs/MacOSX10.13.sdk";
				SWIFT_VERSION = 4.0;
			};
			name = Release;
		};
		OBJ_38 /* Debug */ = {
			isa = XCBuildConfiguration;
			buildSettings = {
				LD = /usr/bin/true;
				OTHER_SWIFT_FLAGS = "-swift-version 3 -I /Applications/Xcode.app/Contents/Developer/Toolchains/XcodeDefault.xctoolchain/usr/lib/swift/pm/3 -target x86_64-apple-macosx10.10 -sdk /Applications/Xcode.app/Contents/Developer/Platforms/MacOSX.platform/Developer/SDKs/MacOSX10.13.sdk";
				SWIFT_VERSION = 3.0;
			};
			name = Debug;
		};
		OBJ_39 /* Release */ = {
			isa = XCBuildConfiguration;
			buildSettings = {
				LD = /usr/bin/true;
				OTHER_SWIFT_FLAGS = "-swift-version 3 -I /Applications/Xcode.app/Contents/Developer/Toolchains/XcodeDefault.xctoolchain/usr/lib/swift/pm/3 -target x86_64-apple-macosx10.10 -sdk /Applications/Xcode.app/Contents/Developer/Platforms/MacOSX.platform/Developer/SDKs/MacOSX10.13.sdk";
				SWIFT_VERSION = 3.0;
			};
			name = Release;
		};
		OBJ_4 /* Release */ = {
			isa = XCBuildConfiguration;
			buildSettings = {
				CLANG_ENABLE_OBJC_ARC = YES;
				COMBINE_HIDPI_IMAGES = YES;
				COPY_PHASE_STRIP = YES;
				DEBUG_INFORMATION_FORMAT = "dwarf-with-dsym";
				DYLIB_INSTALL_NAME_BASE = "@rpath";
				GCC_OPTIMIZATION_LEVEL = s;
				MACOSX_DEPLOYMENT_TARGET = 10.12;
				OTHER_SWIFT_FLAGS = "-DXcode";
				PRODUCT_NAME = "$(TARGET_NAME)";
				SDKROOT = macosx;
				SUPPORTED_PLATFORMS = "macosx iphoneos iphonesimulator appletvos appletvsimulator watchos watchsimulator";
				SWIFT_ACTIVE_COMPILATION_CONDITIONS = SWIFT_PACKAGE;
				SWIFT_OPTIMIZATION_LEVEL = "-Owholemodule";
				USE_HEADERMAP = NO;
			};
			name = Release;
		};
		OBJ_44 /* Debug */ = {
			isa = XCBuildConfiguration;
			buildSettings = {
				FRAMEWORK_SEARCH_PATHS = (
					"$(inherited)",
					"$(PLATFORM_DIR)/Developer/Library/Frameworks",
				);
				HEADER_SEARCH_PATHS = (
					"$(inherited)",
					"$(SRCROOT)/.build/checkouts/CNanomsg.git-2408269664008500582",
				);
				INFOPLIST_FILE = BatiDaemon.xcodeproj/BatiDaemon_Info.plist;
				LD_RUNPATH_SEARCH_PATHS = "$(TOOLCHAIN_DIR)/usr/lib/swift/macosx @executable_path";
				OTHER_LDFLAGS = (
					"$(inherited)",
					"-L/usr/local/Cellar/nanomsg/1.1.0/lib",
					"-lnanomsg",
				);
				OTHER_SWIFT_FLAGS = "$(inherited) -I/usr/local/Cellar/nanomsg/1.1.0/include";
				SWIFT_FORCE_DYNAMIC_LINK_STDLIB = YES;
				SWIFT_FORCE_STATIC_LINK_STDLIB = NO;
				SWIFT_VERSION = 4.0;
				TARGET_NAME = BatiDaemon;
			};
			name = Debug;
		};
		OBJ_45 /* Release */ = {
			isa = XCBuildConfiguration;
			buildSettings = {
				FRAMEWORK_SEARCH_PATHS = (
					"$(inherited)",
					"$(PLATFORM_DIR)/Developer/Library/Frameworks",
				);
				HEADER_SEARCH_PATHS = (
					"$(inherited)",
					"$(SRCROOT)/.build/checkouts/CNanomsg.git-2408269664008500582",
				);
				INFOPLIST_FILE = BatiDaemon.xcodeproj/BatiDaemon_Info.plist;
				LD_RUNPATH_SEARCH_PATHS = "$(TOOLCHAIN_DIR)/usr/lib/swift/macosx @executable_path";
				OTHER_LDFLAGS = (
					"$(inherited)",
					"-L/usr/local/Cellar/nanomsg/1.1.0/lib",
					"-lnanomsg",
				);
				OTHER_SWIFT_FLAGS = "$(inherited) -I/usr/local/Cellar/nanomsg/1.1.0/include";
				SWIFT_FORCE_DYNAMIC_LINK_STDLIB = YES;
				SWIFT_FORCE_STATIC_LINK_STDLIB = NO;
				SWIFT_VERSION = 4.0;
				TARGET_NAME = BatiDaemon;
			};
			name = Release;
		};
		OBJ_53 /* Debug */ = {
			isa = XCBuildConfiguration;
			buildSettings = {
				ENABLE_TESTABILITY = YES;
				FRAMEWORK_SEARCH_PATHS = (
					"$(inherited)",
					"$(PLATFORM_DIR)/Developer/Library/Frameworks",
				);
				HEADER_SEARCH_PATHS = (
					"$(inherited)",
					"$(SRCROOT)/.build/checkouts/CNanomsg.git-2408269664008500582",
				);
				INFOPLIST_FILE = BatiDaemon.xcodeproj/Nanomsg_Info.plist;
				LD_RUNPATH_SEARCH_PATHS = "$(TOOLCHAIN_DIR)/usr/lib/swift/macosx";
				OTHER_LDFLAGS = (
					"$(inherited)",
					"-L/usr/local/Cellar/nanomsg/1.1.0/lib",
					"-lnanomsg",
				);
				OTHER_SWIFT_FLAGS = "$(inherited) -I/usr/local/Cellar/nanomsg/1.1.0/include";
				PRODUCT_BUNDLE_IDENTIFIER = Nanomsg;
				PRODUCT_MODULE_NAME = "$(TARGET_NAME:c99extidentifier)";
				PRODUCT_NAME = "$(TARGET_NAME:c99extidentifier)";
				SKIP_INSTALL = YES;
				SWIFT_VERSION = 3.0;
				TARGET_NAME = Nanomsg;
			};
			name = Debug;
		};
		OBJ_54 /* Release */ = {
			isa = XCBuildConfiguration;
			buildSettings = {
				ENABLE_TESTABILITY = YES;
				FRAMEWORK_SEARCH_PATHS = (
					"$(inherited)",
					"$(PLATFORM_DIR)/Developer/Library/Frameworks",
				);
				HEADER_SEARCH_PATHS = (
					"$(inherited)",
					"$(SRCROOT)/.build/checkouts/CNanomsg.git-2408269664008500582",
				);
				INFOPLIST_FILE = BatiDaemon.xcodeproj/Nanomsg_Info.plist;
				LD_RUNPATH_SEARCH_PATHS = "$(TOOLCHAIN_DIR)/usr/lib/swift/macosx";
				OTHER_LDFLAGS = (
					"$(inherited)",
					"-L/usr/local/Cellar/nanomsg/1.1.0/lib",
					"-lnanomsg",
				);
				OTHER_SWIFT_FLAGS = "$(inherited) -I/usr/local/Cellar/nanomsg/1.1.0/include";
				PRODUCT_BUNDLE_IDENTIFIER = Nanomsg;
				PRODUCT_MODULE_NAME = "$(TARGET_NAME:c99extidentifier)";
				PRODUCT_NAME = "$(TARGET_NAME:c99extidentifier)";
				SKIP_INSTALL = YES;
				SWIFT_VERSION = 3.0;
				TARGET_NAME = Nanomsg;
			};
			name = Release;
		};
/* End XCBuildConfiguration section */

/* Begin XCConfigurationList section */
		OBJ_2 /* Build configuration list for PBXProject "BatiDaemon" */ = {
			isa = XCConfigurationList;
			buildConfigurations = (
				OBJ_3 /* Debug */,
				OBJ_4 /* Release */,
			);
			defaultConfigurationIsVisible = 0;
			defaultConfigurationName = Debug;
		};
		OBJ_31 /* Build configuration list for PBXNativeTarget "BatiDaemonPackageDescription" */ = {
			isa = XCConfigurationList;
			buildConfigurations = (
				OBJ_32 /* Debug */,
				OBJ_33 /* Release */,
			);
			defaultConfigurationIsVisible = 0;
			defaultConfigurationName = Debug;
		};
		OBJ_37 /* Build configuration list for PBXNativeTarget "NanomsgPackageDescription" */ = {
			isa = XCConfigurationList;
			buildConfigurations = (
				OBJ_38 /* Debug */,
				OBJ_39 /* Release */,
			);
			defaultConfigurationIsVisible = 0;
			defaultConfigurationName = Debug;
		};
		OBJ_43 /* Build configuration list for PBXNativeTarget "BatiDaemon" */ = {
			isa = XCConfigurationList;
			buildConfigurations = (
				OBJ_44 /* Debug */,
				OBJ_45 /* Release */,
			);
			defaultConfigurationIsVisible = 0;
			defaultConfigurationName = Debug;
		};
		OBJ_52 /* Build configuration list for PBXNativeTarget "Nanomsg" */ = {
			isa = XCConfigurationList;
			buildConfigurations = (
				OBJ_53 /* Debug */,
				OBJ_54 /* Release */,
			);
			defaultConfigurationIsVisible = 0;
			defaultConfigurationName = Debug;
		};
/* End XCConfigurationList section */
	};
	rootObject = OBJ_1 /* Project object */;
}
